PODS:
  - ArgumentParserKit (1.0.0)
  - STPrivilegedTask (1.0.7)

DEPENDENCIES:
  - ArgumentParserKit
  - STPrivilegedTask (from `https://github.com/rileytestut/STPrivilegedTask.git`)

SPEC REPOS:
  trunk:
    - ArgumentParserKit

EXTERNAL SOURCES:
  STPrivilegedTask:
    :git: https://github.com/rileytestut/STPrivilegedTask.git

CHECKOUT OPTIONS:
  STPrivilegedTask:
    :commit: 6ca513d0dcb2aefb0e5a95915b77bbbbd8a6d942
    :git: https://github.com/rileytestut/STPrivilegedTask.git

SPEC CHECKSUMS:
  ArgumentParserKit: 99ceb746098d9f478a6cb9b01b38ce9ecab3122d
  STPrivilegedTask: 56c3397238a1ec07720fb877a044898373cd2c68

PODFILE CHECKSUM: 4bf378c885e2583f8df9b570d583b8e6b6262de0

COCOAPODS: 1.12.0
